
Microsoft Visual Studio Solution File, Format Version 12.00
# Visual Studio Version 16
VisualStudioVersion = 16.0.29025.244
MinimumVisualStudioVersion = 10.0.40219.1
Project("{FAE04EC0-301F-11D3-BF4B-00C04F79EFBC}") = "CarsCollection", "CarsCollection\CarsCollection.csproj", "{B63DC9E4-7883-4ADA-83AD-6571C7D8C114}"
EndProject
Project("{FAE04EC0-301F-11D3-BF4B-00C04F79EFBC}") = "StoreDatabase", "StoreDatabase\StoreDatabase.csproj", "{F4B0642A-C05A-4216-A4B5-79D9A9DBBEA9}"
EndProject
Global
	GlobalSection(SolutionConfigurationPlatforms) = preSolution
		Debug|Any CPU = Debug|Any CPU
		Release|Any CPU = Release|Any CPU
	EndGlobalSection
	GlobalSection(ProjectConfigurationPlatforms) = postSolution
		{B63DC9E4-7883-4ADA-83AD-6571C7D8C114}.Debug|Any CPU.ActiveCfg = Debug|Any CPU
		{B63DC9E4-7883-4ADA-83AD-6571C7D8C114}.Debug|Any CPU.Build.0 = Debug|Any CPU
		{B63DC9E4-7883-4ADA-83AD-6571C7D8C114}.Release|Any CPU.ActiveCfg = Release|Any CPU
		{B63DC9E4-7883-4ADA-83AD-6571C7D8C114}.Release|Any CPU.Build.0 = Release|Any CPU
		{F4B0642A-C05A-4216-A4B5-79D9A9DBBEA9}.Debug|Any CPU.ActiveCfg = Debug|Any CPU
		{F4B0642A-C05A-4216-A4B5-79D9A9DBBEA9}.Debug|Any CPU.Build.0 = Debug|Any CPU
		{F4B0642A-C05A-4216-A4B5-79D9A9DBBEA9}.Release|Any CPU.ActiveCfg = Release|Any CPU
		{F4B0642A-C05A-4216-A4B5-79D9A9DBBEA9}.Release|Any CPU.Build.0 = Release|Any CPU
	EndGlobalSection
	GlobalSection(SolutionProperties) = preSolution
		HideSolutionNode = FALSE
	EndGlobalSection
	GlobalSection(ExtensibilityGlobals) = postSolution
		SolutionGuid = {0C0CD690-D49C-4935-9C57-0F9E01673580}
	EndGlobalSection
EndGlobal
